
Microsoft Visual Studio Solution File, Format Version 12.00
# Visual Studio Version 17
VisualStudioVersion = 17.3.32929.385
MinimumVisualStudioVersion = 10.0.40219.1
Project("{FAE04EC0-301F-11D3-BF4B-00C04F79EFBC}") = "Adita.PlexNet.Core.Security", "Adita.PlexNet.Core.Security\Adita.PlexNet.Core.Security.csproj", "{F59415DC-059B-42C8-BE41-33DFB143C3AA}"
EndProject
Project("{FAE04EC0-301F-11D3-BF4B-00C04F79EFBC}") = "Adita.PlexNet.Core.Security.Test", "Adita.PlexNet.Core.Security.Test\Adita.PlexNet.Core.Security.Test.csproj", "{8055D64C-68D6-4F2A-87C0-2156E015F5D9}"
EndProject
Global
	GlobalSection(SolutionConfigurationPlatforms) = preSolution
		Debug|Any CPU = Debug|Any CPU
		Release|Any CPU = Release|Any CPU
	EndGlobalSection
	GlobalSection(ProjectConfigurationPlatforms) = postSolution
		{F59415DC-059B-42C8-BE41-33DFB143C3AA}.Debug|Any CPU.ActiveCfg = Debug|Any CPU
		{F59415DC-059B-42C8-BE41-33DFB143C3AA}.Debug|Any CPU.Build.0 = Debug|Any CPU
		{F59415DC-059B-42C8-BE41-33DFB143C3AA}.Release|Any CPU.ActiveCfg = Release|Any CPU
		{F59415DC-059B-42C8-BE41-33DFB143C3AA}.Release|Any CPU.Build.0 = Release|Any CPU
		{8055D64C-68D6-4F2A-87C0-2156E015F5D9}.Debug|Any CPU.ActiveCfg = Debug|Any CPU
		{8055D64C-68D6-4F2A-87C0-2156E015F5D9}.Debug|Any CPU.Build.0 = Debug|Any CPU
		{8055D64C-68D6-4F2A-87C0-2156E015F5D9}.Release|Any CPU.ActiveCfg = Release|Any CPU
		{8055D64C-68D6-4F2A-87C0-2156E015F5D9}.Release|Any CPU.Build.0 = Release|Any CPU
	EndGlobalSection
	GlobalSection(SolutionProperties) = preSolution
		HideSolutionNode = FALSE
	EndGlobalSection
	GlobalSection(ExtensibilityGlobals) = postSolution
		SolutionGuid = {76A603E3-B125-422B-BAE3-DE117ABE7EBE}
	EndGlobalSection
EndGlobal
